// !$*UTF8*$!
{
	archiveVersion = 1;
	classes = {
	};
	objectVersion = 55;
	objects = {

/* Begin PBXBuildFile section */
		F9597710291681A3005347B8 /* AppDelegate.swift in Sources */ = {isa = PBXBuildFile; fileRef = F959770F291681A3005347B8 /* AppDelegate.swift */; };
		F9597712291681A3005347B8 /* SceneDelegate.swift in Sources */ = {isa = PBXBuildFile; fileRef = F9597711291681A3005347B8 /* SceneDelegate.swift */; };
		F9597719291681A4005347B8 /* Assets.xcassets in Resources */ = {isa = PBXBuildFile; fileRef = F9597718291681A4005347B8 /* Assets.xcassets */; };
		F959771C291681A4005347B8 /* LaunchScreen.storyboard in Resources */ = {isa = PBXBuildFile; fileRef = F959771A291681A4005347B8 /* LaunchScreen.storyboard */; };
		F9597727291681A5005347B8 /* AppStoreJSONAPITests.swift in Sources */ = {isa = PBXBuildFile; fileRef = F9597726291681A5005347B8 /* AppStoreJSONAPITests.swift */; };
		F9597731291681A5005347B8 /* AppStoreJSONAPIUITests.swift in Sources */ = {isa = PBXBuildFile; fileRef = F9597730291681A5005347B8 /* AppStoreJSONAPIUITests.swift */; };
		F9597733291681A5005347B8 /* AppStoreJSONAPIUITestsLaunchTests.swift in Sources */ = {isa = PBXBuildFile; fileRef = F9597732291681A5005347B8 /* AppStoreJSONAPIUITestsLaunchTests.swift */; };
		F9597740291684E5005347B8 /* BaseTabBarController.swift in Sources */ = {isa = PBXBuildFile; fileRef = F959773F291684E5005347B8 /* BaseTabBarController.swift */; };
		F959774229168DA7005347B8 /* AppsSearchViewController.swift in Sources */ = {isa = PBXBuildFile; fileRef = F959774129168DA7005347B8 /* AppsSearchViewController.swift */; };
		F95977462916922F005347B8 /* SearchResultCollectionViewCell.swift in Sources */ = {isa = PBXBuildFile; fileRef = F95977452916922F005347B8 /* SearchResultCollectionViewCell.swift */; };
		F9597749291697B7005347B8 /* UIView+Layout.swift in Sources */ = {isa = PBXBuildFile; fileRef = F9597748291697B7005347B8 /* UIView+Layout.swift */; };
		F959774B2916A565005347B8 /* VerticalStackView.swift in Sources */ = {isa = PBXBuildFile; fileRef = F959774A2916A565005347B8 /* VerticalStackView.swift */; };
		F959774E2916AB1F005347B8 /* SearchResult.swift in Sources */ = {isa = PBXBuildFile; fileRef = F959774D2916AB1F005347B8 /* SearchResult.swift */; };
		F95977502916B02E005347B8 /* Service.swift in Sources */ = {isa = PBXBuildFile; fileRef = F959774F2916B02E005347B8 /* Service.swift */; };
		F95977542916B247005347B8 /* Kingfisher in Frameworks */ = {isa = PBXBuildFile; productRef = F95977532916B247005347B8 /* Kingfisher */; };
		F9597759291791BD005347B8 /* AppsPageController.swift in Sources */ = {isa = PBXBuildFile; fileRef = F9597758291791BD005347B8 /* AppsPageController.swift */; };
		F959775B29179257005347B8 /* BaseListController.swift in Sources */ = {isa = PBXBuildFile; fileRef = F959775A29179257005347B8 /* BaseListController.swift */; };
		F95977602917937F005347B8 /* AppsGroupCollectionViewCell.swift in Sources */ = {isa = PBXBuildFile; fileRef = F959775F2917937F005347B8 /* AppsGroupCollectionViewCell.swift */; };
		F9597764291795CB005347B8 /* AppsHorizontalController.swift in Sources */ = {isa = PBXBuildFile; fileRef = F9597763291795CB005347B8 /* AppsHorizontalController.swift */; };
		F959776629179CA4005347B8 /* AppRowCollectionViewCell.swift in Sources */ = {isa = PBXBuildFile; fileRef = F959776529179CA4005347B8 /* AppRowCollectionViewCell.swift */; };
		F959776829179D30005347B8 /* Extensions.swift in Sources */ = {isa = PBXBuildFile; fileRef = F959776729179D30005347B8 /* Extensions.swift */; };
		F959776A2917A216005347B8 /* AppsPageHeader.swift in Sources */ = {isa = PBXBuildFile; fileRef = F95977692917A216005347B8 /* AppsPageHeader.swift */; };
		F959776C2917A3A7005347B8 /* AppsHeaderHorizontalController.swift in Sources */ = {isa = PBXBuildFile; fileRef = F959776B2917A3A7005347B8 /* AppsHeaderHorizontalController.swift */; };
		F95977702917A573005347B8 /* AppsHeaderCell.swift in Sources */ = {isa = PBXBuildFile; fileRef = F959776F2917A573005347B8 /* AppsHeaderCell.swift */; };
		F95977742917ABED005347B8 /* AppGroup.swift in Sources */ = {isa = PBXBuildFile; fileRef = F95977732917ABED005347B8 /* AppGroup.swift */; };
		F95977762917D561005347B8 /* SocialApp.swift in Sources */ = {isa = PBXBuildFile; fileRef = F95977752917D561005347B8 /* SocialApp.swift */; };
/* End PBXBuildFile section */

/* Begin PBXContainerItemProxy section */
		F9597723291681A5005347B8 /* PBXContainerItemProxy */ = {
			isa = PBXContainerItemProxy;
			containerPortal = F9597704291681A3005347B8 /* Project object */;
			proxyType = 1;
			remoteGlobalIDString = F959770B291681A3005347B8;
			remoteInfo = AppStoreJSONAPI;
		};
		F959772D291681A5005347B8 /* PBXContainerItemProxy */ = {
			isa = PBXContainerItemProxy;
			containerPortal = F9597704291681A3005347B8 /* Project object */;
			proxyType = 1;
			remoteGlobalIDString = F959770B291681A3005347B8;
			remoteInfo = AppStoreJSONAPI;
		};
/* End PBXContainerItemProxy section */

/* Begin PBXFileReference section */
		F959770C291681A3005347B8 /* AppStoreJSONAPI.app */ = {isa = PBXFileReference; explicitFileType = wrapper.application; includeInIndex = 0; path = AppStoreJSONAPI.app; sourceTree = BUILT_PRODUCTS_DIR; };
		F959770F291681A3005347B8 /* AppDelegate.swift */ = {isa = PBXFileReference; lastKnownFileType = sourcecode.swift; path = AppDelegate.swift; sourceTree = "<group>"; };
		F9597711291681A3005347B8 /* SceneDelegate.swift */ = {isa = PBXFileReference; lastKnownFileType = sourcecode.swift; path = SceneDelegate.swift; sourceTree = "<group>"; };
		F9597718291681A4005347B8 /* Assets.xcassets */ = {isa = PBXFileReference; lastKnownFileType = folder.assetcatalog; path = Assets.xcassets; sourceTree = "<group>"; };
		F959771B291681A4005347B8 /* Base */ = {isa = PBXFileReference; lastKnownFileType = file.storyboard; name = Base; path = Base.lproj/LaunchScreen.storyboard; sourceTree = "<group>"; };
		F959771D291681A4005347B8 /* Info.plist */ = {isa = PBXFileReference; lastKnownFileType = text.plist.xml; path = Info.plist; sourceTree = "<group>"; };
		F9597722291681A5005347B8 /* AppStoreJSONAPITests.xctest */ = {isa = PBXFileReference; explicitFileType = wrapper.cfbundle; includeInIndex = 0; path = AppStoreJSONAPITests.xctest; sourceTree = BUILT_PRODUCTS_DIR; };
		F9597726291681A5005347B8 /* AppStoreJSONAPITests.swift */ = {isa = PBXFileReference; lastKnownFileType = sourcecode.swift; path = AppStoreJSONAPITests.swift; sourceTree = "<group>"; };
		F959772C291681A5005347B8 /* AppStoreJSONAPIUITests.xctest */ = {isa = PBXFileReference; explicitFileType = wrapper.cfbundle; includeInIndex = 0; path = AppStoreJSONAPIUITests.xctest; sourceTree = BUILT_PRODUCTS_DIR; };
		F9597730291681A5005347B8 /* AppStoreJSONAPIUITests.swift */ = {isa = PBXFileReference; lastKnownFileType = sourcecode.swift; path = AppStoreJSONAPIUITests.swift; sourceTree = "<group>"; };
		F9597732291681A5005347B8 /* AppStoreJSONAPIUITestsLaunchTests.swift */ = {isa = PBXFileReference; lastKnownFileType = sourcecode.swift; path = AppStoreJSONAPIUITestsLaunchTests.swift; sourceTree = "<group>"; };
		F959773F291684E5005347B8 /* BaseTabBarController.swift */ = {isa = PBXFileReference; lastKnownFileType = sourcecode.swift; path = BaseTabBarController.swift; sourceTree = "<group>"; };
		F959774129168DA7005347B8 /* AppsSearchViewController.swift */ = {isa = PBXFileReference; lastKnownFileType = sourcecode.swift; path = AppsSearchViewController.swift; sourceTree = "<group>"; };
		F95977452916922F005347B8 /* SearchResultCollectionViewCell.swift */ = {isa = PBXFileReference; lastKnownFileType = sourcecode.swift; path = SearchResultCollectionViewCell.swift; sourceTree = "<group>"; };
		F9597748291697B7005347B8 /* UIView+Layout.swift */ = {isa = PBXFileReference; lastKnownFileType = sourcecode.swift; path = "UIView+Layout.swift"; sourceTree = "<group>"; };
		F959774A2916A565005347B8 /* VerticalStackView.swift */ = {isa = PBXFileReference; lastKnownFileType = sourcecode.swift; path = VerticalStackView.swift; sourceTree = "<group>"; };
		F959774D2916AB1F005347B8 /* SearchResult.swift */ = {isa = PBXFileReference; lastKnownFileType = sourcecode.swift; path = SearchResult.swift; sourceTree = "<group>"; };
		F959774F2916B02E005347B8 /* Service.swift */ = {isa = PBXFileReference; lastKnownFileType = sourcecode.swift; path = Service.swift; sourceTree = "<group>"; };
		F9597758291791BD005347B8 /* AppsPageController.swift */ = {isa = PBXFileReference; lastKnownFileType = sourcecode.swift; path = AppsPageController.swift; sourceTree = "<group>"; };
		F959775A29179257005347B8 /* BaseListController.swift */ = {isa = PBXFileReference; lastKnownFileType = sourcecode.swift; path = BaseListController.swift; sourceTree = "<group>"; };
		F959775F2917937F005347B8 /* AppsGroupCollectionViewCell.swift */ = {isa = PBXFileReference; lastKnownFileType = sourcecode.swift; path = AppsGroupCollectionViewCell.swift; sourceTree = "<group>"; };
		F9597763291795CB005347B8 /* AppsHorizontalController.swift */ = {isa = PBXFileReference; lastKnownFileType = sourcecode.swift; path = AppsHorizontalController.swift; sourceTree = "<group>"; };
		F959776529179CA4005347B8 /* AppRowCollectionViewCell.swift */ = {isa = PBXFileReference; lastKnownFileType = sourcecode.swift; path = AppRowCollectionViewCell.swift; sourceTree = "<group>"; };
		F959776729179D30005347B8 /* Extensions.swift */ = {isa = PBXFileReference; lastKnownFileType = sourcecode.swift; path = Extensions.swift; sourceTree = "<group>"; };
		F95977692917A216005347B8 /* AppsPageHeader.swift */ = {isa = PBXFileReference; lastKnownFileType = sourcecode.swift; path = AppsPageHeader.swift; sourceTree = "<group>"; };
		F959776B2917A3A7005347B8 /* AppsHeaderHorizontalController.swift */ = {isa = PBXFileReference; lastKnownFileType = sourcecode.swift; path = AppsHeaderHorizontalController.swift; sourceTree = "<group>"; };
		F959776F2917A573005347B8 /* AppsHeaderCell.swift */ = {isa = PBXFileReference; lastKnownFileType = sourcecode.swift; path = AppsHeaderCell.swift; sourceTree = "<group>"; };
		F95977732917ABED005347B8 /* AppGroup.swift */ = {isa = PBXFileReference; lastKnownFileType = sourcecode.swift; path = AppGroup.swift; sourceTree = "<group>"; };
		F95977752917D561005347B8 /* SocialApp.swift */ = {isa = PBXFileReference; lastKnownFileType = sourcecode.swift; path = SocialApp.swift; sourceTree = "<group>"; };
/* End PBXFileReference section */

/* Begin PBXFrameworksBuildPhase section */
		F9597709291681A3005347B8 /* Frameworks */ = {
			isa = PBXFrameworksBuildPhase;
			buildActionMask = 2147483647;
			files = (
				F95977542916B247005347B8 /* Kingfisher in Frameworks */,
			);
			runOnlyForDeploymentPostprocessing = 0;
		};
		F959771F291681A5005347B8 /* Frameworks */ = {
			isa = PBXFrameworksBuildPhase;
			buildActionMask = 2147483647;
			files = (
			);
			runOnlyForDeploymentPostprocessing = 0;
		};
		F9597729291681A5005347B8 /* Frameworks */ = {
			isa = PBXFrameworksBuildPhase;
			buildActionMask = 2147483647;
			files = (
			);
			runOnlyForDeploymentPostprocessing = 0;
		};
/* End PBXFrameworksBuildPhase section */

/* Begin PBXGroup section */
		F9597703291681A3005347B8 = {
			isa = PBXGroup;
			children = (
				F959770E291681A3005347B8 /* AppStoreJSONAPI */,
				F9597725291681A5005347B8 /* AppStoreJSONAPITests */,
				F959772F291681A5005347B8 /* AppStoreJSONAPIUITests */,
				F959770D291681A3005347B8 /* Products */,
			);
			sourceTree = "<group>";
		};
		F959770D291681A3005347B8 /* Products */ = {
			isa = PBXGroup;
			children = (
				F959770C291681A3005347B8 /* AppStoreJSONAPI.app */,
				F9597722291681A5005347B8 /* AppStoreJSONAPITests.xctest */,
				F959772C291681A5005347B8 /* AppStoreJSONAPIUITests.xctest */,
			);
			name = Products;
			sourceTree = "<group>";
		};
		F959770E291681A3005347B8 /* AppStoreJSONAPI */ = {
			isa = PBXGroup;
			children = (
				F959770F291681A3005347B8 /* AppDelegate.swift */,
				F9597711291681A3005347B8 /* SceneDelegate.swift */,
				F95977512916B034005347B8 /* Service */,
				F959774729169791005347B8 /* Helpers */,
				F959774429169219005347B8 /* View */,
				F959774C2916AB13005347B8 /* Model */,
				F959774329168DAB005347B8 /* Controller */,
				F9597718291681A4005347B8 /* Assets.xcassets */,
				F959771A291681A4005347B8 /* LaunchScreen.storyboard */,
				F959771D291681A4005347B8 /* Info.plist */,
			);
			path = AppStoreJSONAPI;
			sourceTree = "<group>";
		};
		F9597725291681A5005347B8 /* AppStoreJSONAPITests */ = {
			isa = PBXGroup;
			children = (
				F9597726291681A5005347B8 /* AppStoreJSONAPITests.swift */,
			);
			path = AppStoreJSONAPITests;
			sourceTree = "<group>";
		};
		F959772F291681A5005347B8 /* AppStoreJSONAPIUITests */ = {
			isa = PBXGroup;
			children = (
				F9597730291681A5005347B8 /* AppStoreJSONAPIUITests.swift */,
				F9597732291681A5005347B8 /* AppStoreJSONAPIUITestsLaunchTests.swift */,
			);
			path = AppStoreJSONAPIUITests;
			sourceTree = "<group>";
		};
		F959774329168DAB005347B8 /* Controller */ = {
			isa = PBXGroup;
			children = (
				F959775D291792A3005347B8 /* Base */,
				F959775C29179299005347B8 /* Apps */,
				F959775E291792BD005347B8 /* Search */,
			);
			path = Controller;
			sourceTree = "<group>";
		};
		F959774429169219005347B8 /* View */ = {
			isa = PBXGroup;
			children = (
				F9597762291793A2005347B8 /* Search */,
				F95977612917939D005347B8 /* Apps */,
			);
			path = View;
			sourceTree = "<group>";
		};
		F959774729169791005347B8 /* Helpers */ = {
			isa = PBXGroup;
			children = (
				F9597748291697B7005347B8 /* UIView+Layout.swift */,
				F959774A2916A565005347B8 /* VerticalStackView.swift */,
				F959776729179D30005347B8 /* Extensions.swift */,
			);
			path = Helpers;
			sourceTree = "<group>";
		};
		F959774C2916AB13005347B8 /* Model */ = {
			isa = PBXGroup;
			children = (
				F959774D2916AB1F005347B8 /* SearchResult.swift */,
				F95977732917ABED005347B8 /* AppGroup.swift */,
				F95977752917D561005347B8 /* SocialApp.swift */,
			);
			path = Model;
			sourceTree = "<group>";
		};
		F95977512916B034005347B8 /* Service */ = {
			isa = PBXGroup;
			children = (
				F959774F2916B02E005347B8 /* Service.swift */,
			);
			path = Service;
			sourceTree = "<group>";
		};
		F959775C29179299005347B8 /* Apps */ = {
			isa = PBXGroup;
			children = (
				F9597758291791BD005347B8 /* AppsPageController.swift */,
				F9597763291795CB005347B8 /* AppsHorizontalController.swift */,
				F959776B2917A3A7005347B8 /* AppsHeaderHorizontalController.swift */,
			);
			path = Apps;
			sourceTree = "<group>";
		};
		F959775D291792A3005347B8 /* Base */ = {
			isa = PBXGroup;
			children = (
				F959773F291684E5005347B8 /* BaseTabBarController.swift */,
				F959775A29179257005347B8 /* BaseListController.swift */,
			);
			path = Base;
			sourceTree = "<group>";
		};
		F959775E291792BD005347B8 /* Search */ = {
			isa = PBXGroup;
			children = (
				F959774129168DA7005347B8 /* AppsSearchViewController.swift */,
			);
			path = Search;
			sourceTree = "<group>";
		};
		F95977612917939D005347B8 /* Apps */ = {
			isa = PBXGroup;
			children = (
				F959775F2917937F005347B8 /* AppsGroupCollectionViewCell.swift */,
				F959776529179CA4005347B8 /* AppRowCollectionViewCell.swift */,
				F95977692917A216005347B8 /* AppsPageHeader.swift */,
				F959776F2917A573005347B8 /* AppsHeaderCell.swift */,
			);
			path = Apps;
			sourceTree = "<group>";
		};
		F9597762291793A2005347B8 /* Search */ = {
			isa = PBXGroup;
			children = (
				F95977452916922F005347B8 /* SearchResultCollectionViewCell.swift */,
			);
			path = Search;
			sourceTree = "<group>";
		};
/* End PBXGroup section */

/* Begin PBXNativeTarget section */
		F959770B291681A3005347B8 /* AppStoreJSONAPI */ = {
			isa = PBXNativeTarget;
			buildConfigurationList = F9597736291681A5005347B8 /* Build configuration list for PBXNativeTarget "AppStoreJSONAPI" */;
			buildPhases = (
				F9597708291681A3005347B8 /* Sources */,
				F9597709291681A3005347B8 /* Frameworks */,
				F959770A291681A3005347B8 /* Resources */,
			);
			buildRules = (
			);
			dependencies = (
			);
			name = AppStoreJSONAPI;
			packageProductDependencies = (
				F95977532916B247005347B8 /* Kingfisher */,
			);
			productName = AppStoreJSONAPI;
			productReference = F959770C291681A3005347B8 /* AppStoreJSONAPI.app */;
			productType = "com.apple.product-type.application";
		};
		F9597721291681A5005347B8 /* AppStoreJSONAPITests */ = {
			isa = PBXNativeTarget;
			buildConfigurationList = F9597739291681A5005347B8 /* Build configuration list for PBXNativeTarget "AppStoreJSONAPITests" */;
			buildPhases = (
				F959771E291681A5005347B8 /* Sources */,
				F959771F291681A5005347B8 /* Frameworks */,
				F9597720291681A5005347B8 /* Resources */,
			);
			buildRules = (
			);
			dependencies = (
				F9597724291681A5005347B8 /* PBXTargetDependency */,
			);
			name = AppStoreJSONAPITests;
			productName = AppStoreJSONAPITests;
			productReference = F9597722291681A5005347B8 /* AppStoreJSONAPITests.xctest */;
			productType = "com.apple.product-type.bundle.unit-test";
		};
		F959772B291681A5005347B8 /* AppStoreJSONAPIUITests */ = {
			isa = PBXNativeTarget;
			buildConfigurationList = F959773C291681A5005347B8 /* Build configuration list for PBXNativeTarget "AppStoreJSONAPIUITests" */;
			buildPhases = (
				F9597728291681A5005347B8 /* Sources */,
				F9597729291681A5005347B8 /* Frameworks */,
				F959772A291681A5005347B8 /* Resources */,
			);
			buildRules = (
			);
			dependencies = (
				F959772E291681A5005347B8 /* PBXTargetDependency */,
			);
			name = AppStoreJSONAPIUITests;
			productName = AppStoreJSONAPIUITests;
			productReference = F959772C291681A5005347B8 /* AppStoreJSONAPIUITests.xctest */;
			productType = "com.apple.product-type.bundle.ui-testing";
		};
/* End PBXNativeTarget section */

/* Begin PBXProject section */
		F9597704291681A3005347B8 /* Project object */ = {
			isa = PBXProject;
			attributes = {
				BuildIndependentTargetsInParallel = 1;
				LastSwiftUpdateCheck = 1340;
				LastUpgradeCheck = 1340;
				TargetAttributes = {
					F959770B291681A3005347B8 = {
						CreatedOnToolsVersion = 13.4.1;
					};
					F9597721291681A5005347B8 = {
						CreatedOnToolsVersion = 13.4.1;
						TestTargetID = F959770B291681A3005347B8;
					};
					F959772B291681A5005347B8 = {
						CreatedOnToolsVersion = 13.4.1;
						TestTargetID = F959770B291681A3005347B8;
					};
				};
			};
			buildConfigurationList = F9597707291681A3005347B8 /* Build configuration list for PBXProject "AppStoreJSONAPI" */;
			compatibilityVersion = "Xcode 13.0";
			developmentRegion = en;
			hasScannedForEncodings = 0;
			knownRegions = (
				en,
				Base,
			);
			mainGroup = F9597703291681A3005347B8;
			packageReferences = (
				F95977522916B247005347B8 /* XCRemoteSwiftPackageReference "Kingfisher" */,
			);
			productRefGroup = F959770D291681A3005347B8 /* Products */;
			projectDirPath = "";
			projectRoot = "";
			targets = (
				F959770B291681A3005347B8 /* AppStoreJSONAPI */,
				F9597721291681A5005347B8 /* AppStoreJSONAPITests */,
				F959772B291681A5005347B8 /* AppStoreJSONAPIUITests */,
			);
		};
/* End PBXProject section */

/* Begin PBXResourcesBuildPhase section */
		F959770A291681A3005347B8 /* Resources */ = {
			isa = PBXResourcesBuildPhase;
			buildActionMask = 2147483647;
			files = (
				F959771C291681A4005347B8 /* LaunchScreen.storyboard in Resources */,
				F9597719291681A4005347B8 /* Assets.xcassets in Resources */,
			);
			runOnlyForDeploymentPostprocessing = 0;
		};
		F9597720291681A5005347B8 /* Resources */ = {
			isa = PBXResourcesBuildPhase;
			buildActionMask = 2147483647;
			files = (
			);
			runOnlyForDeploymentPostprocessing = 0;
		};
		F959772A291681A5005347B8 /* Resources */ = {
			isa = PBXResourcesBuildPhase;
			buildActionMask = 2147483647;
			files = (
			);
			runOnlyForDeploymentPostprocessing = 0;
		};
/* End PBXResourcesBuildPhase section */

/* Begin PBXSourcesBuildPhase section */
		F9597708291681A3005347B8 /* Sources */ = {
			isa = PBXSourcesBuildPhase;
			buildActionMask = 2147483647;
			files = (
				F9597740291684E5005347B8 /* BaseTabBarController.swift in Sources */,
				F9597710291681A3005347B8 /* AppDelegate.swift in Sources */,
				F95977762917D561005347B8 /* SocialApp.swift in Sources */,
				F959774E2916AB1F005347B8 /* SearchResult.swift in Sources */,
				F95977742917ABED005347B8 /* AppGroup.swift in Sources */,
				F9597759291791BD005347B8 /* AppsPageController.swift in Sources */,
				F95977702917A573005347B8 /* AppsHeaderCell.swift in Sources */,
				F9597749291697B7005347B8 /* UIView+Layout.swift in Sources */,
				F959775B29179257005347B8 /* BaseListController.swift in Sources */,
				F959774229168DA7005347B8 /* AppsSearchViewController.swift in Sources */,
				F95977502916B02E005347B8 /* Service.swift in Sources */,
				F95977602917937F005347B8 /* AppsGroupCollectionViewCell.swift in Sources */,
				F959776A2917A216005347B8 /* AppsPageHeader.swift in Sources */,
				F9597712291681A3005347B8 /* SceneDelegate.swift in Sources */,
				F959776829179D30005347B8 /* Extensions.swift in Sources */,
				F95977462916922F005347B8 /* SearchResultCollectionViewCell.swift in Sources */,
				F9597764291795CB005347B8 /* AppsHorizontalController.swift in Sources */,
				F959774B2916A565005347B8 /* VerticalStackView.swift in Sources */,
				F959776629179CA4005347B8 /* AppRowCollectionViewCell.swift in Sources */,
				F959776C2917A3A7005347B8 /* AppsHeaderHorizontalController.swift in Sources */,
			);
			runOnlyForDeploymentPostprocessing = 0;
		};
		F959771E291681A5005347B8 /* Sources */ = {
			isa = PBXSourcesBuildPhase;
			buildActionMask = 2147483647;
			files = (
				F9597727291681A5005347B8 /* AppStoreJSONAPITests.swift in Sources */,
			);
			runOnlyForDeploymentPostprocessing = 0;
		};
		F9597728291681A5005347B8 /* Sources */ = {
			isa = PBXSourcesBuildPhase;
			buildActionMask = 2147483647;
			files = (
				F9597731291681A5005347B8 /* AppStoreJSONAPIUITests.swift in Sources */,
				F9597733291681A5005347B8 /* AppStoreJSONAPIUITestsLaunchTests.swift in Sources */,
			);
			runOnlyForDeploymentPostprocessing = 0;
		};
/* End PBXSourcesBuildPhase section */

/* Begin PBXTargetDependency section */
		F9597724291681A5005347B8 /* PBXTargetDependency */ = {
			isa = PBXTargetDependency;
			target = F959770B291681A3005347B8 /* AppStoreJSONAPI */;
			targetProxy = F9597723291681A5005347B8 /* PBXContainerItemProxy */;
		};
		F959772E291681A5005347B8 /* PBXTargetDependency */ = {
			isa = PBXTargetDependency;
			target = F959770B291681A3005347B8 /* AppStoreJSONAPI */;
			targetProxy = F959772D291681A5005347B8 /* PBXContainerItemProxy */;
		};
/* End PBXTargetDependency section */

/* Begin PBXVariantGroup section */
		F959771A291681A4005347B8 /* LaunchScreen.storyboard */ = {
			isa = PBXVariantGroup;
			children = (
				F959771B291681A4005347B8 /* Base */,
			);
			name = LaunchScreen.storyboard;
			sourceTree = "<group>";
		};
/* End PBXVariantGroup section */

/* Begin XCBuildConfiguration section */
		F9597734291681A5005347B8 /* Debug */ = {
			isa = XCBuildConfiguration;
			buildSettings = {
				ALWAYS_SEARCH_USER_PATHS = NO;
				CLANG_ANALYZER_NONNULL = YES;
				CLANG_ANALYZER_NUMBER_OBJECT_CONVERSION = YES_AGGRESSIVE;
				CLANG_CXX_LANGUAGE_STANDARD = "gnu++17";
				CLANG_ENABLE_MODULES = YES;
				CLANG_ENABLE_OBJC_ARC = YES;
				CLANG_ENABLE_OBJC_WEAK = YES;
				CLANG_WARN_BLOCK_CAPTURE_AUTORELEASING = YES;
				CLANG_WARN_BOOL_CONVERSION = YES;
				CLANG_WARN_COMMA = YES;
				CLANG_WARN_CONSTANT_CONVERSION = YES;
				CLANG_WARN_DEPRECATED_OBJC_IMPLEMENTATIONS = YES;
				CLANG_WARN_DIRECT_OBJC_ISA_USAGE = YES_ERROR;
				CLANG_WARN_DOCUMENTATION_COMMENTS = YES;
				CLANG_WARN_EMPTY_BODY = YES;
				CLANG_WARN_ENUM_CONVERSION = YES;
				CLANG_WARN_INFINITE_RECURSION = YES;
				CLANG_WARN_INT_CONVERSION = YES;
				CLANG_WARN_NON_LITERAL_NULL_CONVERSION = YES;
				CLANG_WARN_OBJC_IMPLICIT_RETAIN_SELF = YES;
				CLANG_WARN_OBJC_LITERAL_CONVERSION = YES;
				CLANG_WARN_OBJC_ROOT_CLASS = YES_ERROR;
				CLANG_WARN_QUOTED_INCLUDE_IN_FRAMEWORK_HEADER = YES;
				CLANG_WARN_RANGE_LOOP_ANALYSIS = YES;
				CLANG_WARN_STRICT_PROTOTYPES = YES;
				CLANG_WARN_SUSPICIOUS_MOVE = YES;
				CLANG_WARN_UNGUARDED_AVAILABILITY = YES_AGGRESSIVE;
				CLANG_WARN_UNREACHABLE_CODE = YES;
				CLANG_WARN__DUPLICATE_METHOD_MATCH = YES;
				COPY_PHASE_STRIP = NO;
				DEBUG_INFORMATION_FORMAT = dwarf;
				ENABLE_STRICT_OBJC_MSGSEND = YES;
				ENABLE_TESTABILITY = YES;
				GCC_C_LANGUAGE_STANDARD = gnu11;
				GCC_DYNAMIC_NO_PIC = NO;
				GCC_NO_COMMON_BLOCKS = YES;
				GCC_OPTIMIZATION_LEVEL = 0;
				GCC_PREPROCESSOR_DEFINITIONS = (
					"DEBUG=1",
					"$(inherited)",
				);
				GCC_WARN_64_TO_32_BIT_CONVERSION = YES;
				GCC_WARN_ABOUT_RETURN_TYPE = YES_ERROR;
				GCC_WARN_UNDECLARED_SELECTOR = YES;
				GCC_WARN_UNINITIALIZED_AUTOS = YES_AGGRESSIVE;
				GCC_WARN_UNUSED_FUNCTION = YES;
				GCC_WARN_UNUSED_VARIABLE = YES;
				IPHONEOS_DEPLOYMENT_TARGET = 15.5;
				MTL_ENABLE_DEBUG_INFO = INCLUDE_SOURCE;
				MTL_FAST_MATH = YES;
				ONLY_ACTIVE_ARCH = YES;
				SDKROOT = iphoneos;
				SWIFT_ACTIVE_COMPILATION_CONDITIONS = DEBUG;
				SWIFT_OPTIMIZATION_LEVEL = "-Onone";
			};
			name = Debug;
		};
		F9597735291681A5005347B8 /* Release */ = {
			isa = XCBuildConfiguration;
			buildSettings = {
				ALWAYS_SEARCH_USER_PATHS = NO;
				CLANG_ANALYZER_NONNULL = YES;
				CLANG_ANALYZER_NUMBER_OBJECT_CONVERSION = YES_AGGRESSIVE;
				CLANG_CXX_LANGUAGE_STANDARD = "gnu++17";
				CLANG_ENABLE_MODULES = YES;
				CLANG_ENABLE_OBJC_ARC = YES;
				CLANG_ENABLE_OBJC_WEAK = YES;
				CLANG_WARN_BLOCK_CAPTURE_AUTORELEASING = YES;
				CLANG_WARN_BOOL_CONVERSION = YES;
				CLANG_WARN_COMMA = YES;
				CLANG_WARN_CONSTANT_CONVERSION = YES;
				CLANG_WARN_DEPRECATED_OBJC_IMPLEMENTATIONS = YES;
				CLANG_WARN_DIRECT_OBJC_ISA_USAGE = YES_ERROR;
				CLANG_WARN_DOCUMENTATION_COMMENTS = YES;
				CLANG_WARN_EMPTY_BODY = YES;
				CLANG_WARN_ENUM_CONVERSION = YES;
				CLANG_WARN_INFINITE_RECURSION = YES;
				CLANG_WARN_INT_CONVERSION = YES;
				CLANG_WARN_NON_LITERAL_NULL_CONVERSION = YES;
				CLANG_WARN_OBJC_IMPLICIT_RETAIN_SELF = YES;
				CLANG_WARN_OBJC_LITERAL_CONVERSION = YES;
				CLANG_WARN_OBJC_ROOT_CLASS = YES_ERROR;
				CLANG_WARN_QUOTED_INCLUDE_IN_FRAMEWORK_HEADER = YES;
				CLANG_WARN_RANGE_LOOP_ANALYSIS = YES;
				CLANG_WARN_STRICT_PROTOTYPES = YES;
				CLANG_WARN_SUSPICIOUS_MOVE = YES;
				CLANG_WARN_UNGUARDED_AVAILABILITY = YES_AGGRESSIVE;
				CLANG_WARN_UNREACHABLE_CODE = YES;
				CLANG_WARN__DUPLICATE_METHOD_MATCH = YES;
				COPY_PHASE_STRIP = NO;
				DEBUG_INFORMATION_FORMAT = "dwarf-with-dsym";
				ENABLE_NS_ASSERTIONS = NO;
				ENABLE_STRICT_OBJC_MSGSEND = YES;
				GCC_C_LANGUAGE_STANDARD = gnu11;
				GCC_NO_COMMON_BLOCKS = YES;
				GCC_WARN_64_TO_32_BIT_CONVERSION = YES;
				GCC_WARN_ABOUT_RETURN_TYPE = YES_ERROR;
				GCC_WARN_UNDECLARED_SELECTOR = YES;
				GCC_WARN_UNINITIALIZED_AUTOS = YES_AGGRESSIVE;
				GCC_WARN_UNUSED_FUNCTION = YES;
				GCC_WARN_UNUSED_VARIABLE = YES;
				IPHONEOS_DEPLOYMENT_TARGET = 15.5;
				MTL_ENABLE_DEBUG_INFO = NO;
				MTL_FAST_MATH = YES;
				SDKROOT = iphoneos;
				SWIFT_COMPILATION_MODE = wholemodule;
				SWIFT_OPTIMIZATION_LEVEL = "-O";
				VALIDATE_PRODUCT = YES;
			};
			name = Release;
		};
		F9597737291681A5005347B8 /* Debug */ = {
			isa = XCBuildConfiguration;
			buildSettings = {
				ASSETCATALOG_COMPILER_APPICON_NAME = AppIcon;
				ASSETCATALOG_COMPILER_GLOBAL_ACCENT_COLOR_NAME = AccentColor;
				CODE_SIGN_STYLE = Automatic;
				CURRENT_PROJECT_VERSION = 1;
				DEVELOPMENT_TEAM = 8JL94PV8BW;
				GENERATE_INFOPLIST_FILE = YES;
				INFOPLIST_FILE = AppStoreJSONAPI/Info.plist;
				INFOPLIST_KEY_UIApplicationSupportsIndirectInputEvents = YES;
				INFOPLIST_KEY_UILaunchStoryboardName = LaunchScreen;
				INFOPLIST_KEY_UISupportedInterfaceOrientations_iPad = "UIInterfaceOrientationPortrait UIInterfaceOrientationPortraitUpsideDown UIInterfaceOrientationLandscapeLeft UIInterfaceOrientationLandscapeRight";
				INFOPLIST_KEY_UISupportedInterfaceOrientations_iPhone = "UIInterfaceOrientationPortrait UIInterfaceOrientationLandscapeLeft UIInterfaceOrientationLandscapeRight";
				LD_RUNPATH_SEARCH_PATHS = (
					"$(inherited)",
					"@executable_path/Frameworks",
				);
				MARKETING_VERSION = 1.0;
				PRODUCT_BUNDLE_IDENTIFIER = tw.com.will.AppStoreJSONAPI;
				PRODUCT_NAME = "$(TARGET_NAME)";
				SWIFT_EMIT_LOC_STRINGS = YES;
				SWIFT_VERSION = 5.0;
				TARGETED_DEVICE_FAMILY = "1,2";
			};
			name = Debug;
		};
		F9597738291681A5005347B8 /* Release */ = {
			isa = XCBuildConfiguration;
			buildSettings = {
				ASSETCATALOG_COMPILER_APPICON_NAME = AppIcon;
				ASSETCATALOG_COMPILER_GLOBAL_ACCENT_COLOR_NAME = AccentColor;
				CODE_SIGN_STYLE = Automatic;
				CURRENT_PROJECT_VERSION = 1;
				DEVELOPMENT_TEAM = 8JL94PV8BW;
				GENERATE_INFOPLIST_FILE = YES;
				INFOPLIST_FILE = AppStoreJSONAPI/Info.plist;
				INFOPLIST_KEY_UIApplicationSupportsIndirectInputEvents = YES;
				INFOPLIST_KEY_UILaunchStoryboardName = LaunchScreen;
				INFOPLIST_KEY_UISupportedInterfaceOrientations_iPad = "UIInterfaceOrientationPortrait UIInterfaceOrientationPortraitUpsideDown UIInterfaceOrientationLandscapeLeft UIInterfaceOrientationLandscapeRight";
				INFOPLIST_KEY_UISupportedInterfaceOrientations_iPhone = "UIInterfaceOrientationPortrait UIInterfaceOrientationLandscapeLeft UIInterfaceOrientationLandscapeRight";
				LD_RUNPATH_SEARCH_PATHS = (
					"$(inherited)",
					"@executable_path/Frameworks",
				);
				MARKETING_VERSION = 1.0;
				PRODUCT_BUNDLE_IDENTIFIER = tw.com.will.AppStoreJSONAPI;
				PRODUCT_NAME = "$(TARGET_NAME)";
				SWIFT_EMIT_LOC_STRINGS = YES;
				SWIFT_VERSION = 5.0;
				TARGETED_DEVICE_FAMILY = "1,2";
			};
			name = Release;
		};
		F959773A291681A5005347B8 /* Debug */ = {
			isa = XCBuildConfiguration;
			buildSettings = {
				ALWAYS_EMBED_SWIFT_STANDARD_LIBRARIES = YES;
				BUNDLE_LOADER = "$(TEST_HOST)";
				CODE_SIGN_STYLE = Automatic;
				CURRENT_PROJECT_VERSION = 1;
				DEVELOPMENT_TEAM = 8JL94PV8BW;
				GENERATE_INFOPLIST_FILE = YES;
				IPHONEOS_DEPLOYMENT_TARGET = 15.5;
				MARKETING_VERSION = 1.0;
				PRODUCT_BUNDLE_IDENTIFIER = tw.com.will.AppStoreJSONAPITests;
				PRODUCT_NAME = "$(TARGET_NAME)";
				SWIFT_EMIT_LOC_STRINGS = NO;
				SWIFT_VERSION = 5.0;
				TARGETED_DEVICE_FAMILY = "1,2";
				TEST_HOST = "$(BUILT_PRODUCTS_DIR)/AppStoreJSONAPI.app/AppStoreJSONAPI";
			};
			name = Debug;
		};
		F959773B291681A5005347B8 /* Release */ = {
			isa = XCBuildConfiguration;
			buildSettings = {
				ALWAYS_EMBED_SWIFT_STANDARD_LIBRARIES = YES;
				BUNDLE_LOADER = "$(TEST_HOST)";
				CODE_SIGN_STYLE = Automatic;
				CURRENT_PROJECT_VERSION = 1;
				DEVELOPMENT_TEAM = 8JL94PV8BW;
				GENERATE_INFOPLIST_FILE = YES;
				IPHONEOS_DEPLOYMENT_TARGET = 15.5;
				MARKETING_VERSION = 1.0;
				PRODUCT_BUNDLE_IDENTIFIER = tw.com.will.AppStoreJSONAPITests;
				PRODUCT_NAME = "$(TARGET_NAME)";
				SWIFT_EMIT_LOC_STRINGS = NO;
				SWIFT_VERSION = 5.0;
				TARGETED_DEVICE_FAMILY = "1,2";
				TEST_HOST = "$(BUILT_PRODUCTS_DIR)/AppStoreJSONAPI.app/AppStoreJSONAPI";
			};
			name = Release;
		};
		F959773D291681A5005347B8 /* Debug */ = {
			isa = XCBuildConfiguration;
			buildSettings = {
				ALWAYS_EMBED_SWIFT_STANDARD_LIBRARIES = YES;
				CODE_SIGN_STYLE = Automatic;
				CURRENT_PROJECT_VERSION = 1;
				DEVELOPMENT_TEAM = 8JL94PV8BW;
				GENERATE_INFOPLIST_FILE = YES;
				MARKETING_VERSION = 1.0;
				PRODUCT_BUNDLE_IDENTIFIER = tw.com.will.AppStoreJSONAPIUITests;
				PRODUCT_NAME = "$(TARGET_NAME)";
				SWIFT_EMIT_LOC_STRINGS = NO;
				SWIFT_VERSION = 5.0;
				TARGETED_DEVICE_FAMILY = "1,2";
				TEST_TARGET_NAME = AppStoreJSONAPI;
			};
			name = Debug;
		};
		F959773E291681A5005347B8 /* Release */ = {
			isa = XCBuildConfiguration;
			buildSettings = {
				ALWAYS_EMBED_SWIFT_STANDARD_LIBRARIES = YES;
				CODE_SIGN_STYLE = Automatic;
				CURRENT_PROJECT_VERSION = 1;
				DEVELOPMENT_TEAM = 8JL94PV8BW;
				GENERATE_INFOPLIST_FILE = YES;
				MARKETING_VERSION = 1.0;
				PRODUCT_BUNDLE_IDENTIFIER = tw.com.will.AppStoreJSONAPIUITests;
				PRODUCT_NAME = "$(TARGET_NAME)";
				SWIFT_EMIT_LOC_STRINGS = NO;
				SWIFT_VERSION = 5.0;
				TARGETED_DEVICE_FAMILY = "1,2";
				TEST_TARGET_NAME = AppStoreJSONAPI;
			};
			name = Release;
		};
/* End XCBuildConfiguration section */

/* Begin XCConfigurationList section */
		F9597707291681A3005347B8 /* Build configuration list for PBXProject "AppStoreJSONAPI" */ = {
			isa = XCConfigurationList;
			buildConfigurations = (
				F9597734291681A5005347B8 /* Debug */,
				F9597735291681A5005347B8 /* Release */,
			);
			defaultConfigurationIsVisible = 0;
			defaultConfigurationName = Release;
		};
		F9597736291681A5005347B8 /* Build configuration list for PBXNativeTarget "AppStoreJSONAPI" */ = {
			isa = XCConfigurationList;
			buildConfigurations = (
				F9597737291681A5005347B8 /* Debug */,
				F9597738291681A5005347B8 /* Release */,
			);
			defaultConfigurationIsVisible = 0;
			defaultConfigurationName = Release;
		};
		F9597739291681A5005347B8 /* Build configuration list for PBXNativeTarget "AppStoreJSONAPITests" */ = {
			isa = XCConfigurationList;
			buildConfigurations = (
				F959773A291681A5005347B8 /* Debug */,
				F959773B291681A5005347B8 /* Release */,
			);
			defaultConfigurationIsVisible = 0;
			defaultConfigurationName = Release;
		};
		F959773C291681A5005347B8 /* Build configuration list for PBXNativeTarget "AppStoreJSONAPIUITests" */ = {
			isa = XCConfigurationList;
			buildConfigurations = (
				F959773D291681A5005347B8 /* Debug */,
				F959773E291681A5005347B8 /* Release */,
			);
			defaultConfigurationIsVisible = 0;
			defaultConfigurationName = Release;
		};
/* End XCConfigurationList section */

/* Begin XCRemoteSwiftPackageReference section */
		F95977522916B247005347B8 /* XCRemoteSwiftPackageReference "Kingfisher" */ = {
			isa = XCRemoteSwiftPackageReference;
			repositoryURL = "https://github.com/onevcat/Kingfisher.git";
			requirement = {
				branch = master;
				kind = branch;
			};
		};
/* End XCRemoteSwiftPackageReference section */

/* Begin XCSwiftPackageProductDependency section */
		F95977532916B247005347B8 /* Kingfisher */ = {
			isa = XCSwiftPackageProductDependency;
			package = F95977522916B247005347B8 /* XCRemoteSwiftPackageReference "Kingfisher" */;
			productName = Kingfisher;
		};
/* End XCSwiftPackageProductDependency section */
	};
	rootObject = F9597704291681A3005347B8 /* Project object */;
}
